Microsoft Visual Studio Solution File, Format Version 12.00
# Visual Studio Version 17
VisualStudioVersion = 17.5.2.0
MinimumVisualStudioVersion = 10.0.40219.1
Project("{FAE04EC0-301F-11D3-BF4B-00C04F79EFBC}") = "KannadaNudiWeb", "KannadaNudiWeb\KannadaNudiWeb.csproj", "{D98FC0AC-AB6E-502D-7A2F-9C7836A16201}"
EndProject
Global
	GlobalSection(SolutionConfigurationPlatforms) = preSolution
		Debug|Any CPU = Debug|Any CPU
		Release|Any CPU = Release|Any CPU
	EndGlobalSection
	GlobalSection(ProjectConfigurationPlatforms) = postSolution
		{D98FC0AC-AB6E-502D-7A2F-9C7836A16201}.Debug|Any CPU.ActiveCfg = Debug|Any CPU
		{D98FC0AC-AB6E-502D-7A2F-9C7836A16201}.Debug|Any CPU.Build.0 = Debug|Any CPU
		{D98FC0AC-AB6E-502D-7A2F-9C7836A16201}.Release|Any CPU.ActiveCfg = Release|Any CPU
		{D98FC0AC-AB6E-502D-7A2F-9C7836A16201}.Release|Any CPU.Build.0 = Release|Any CPU
	EndGlobalSection
	GlobalSection(SolutionProperties) = preSolution
		HideSolutionNode = FALSE
	EndGlobalSection
	GlobalSection(ExtensibilityGlobals) = postSolution
		SolutionGuid = {0569547E-1685-4EB7-B4BE-CF28DFD0F908}
	EndGlobalSection
EndGlobal
