<?xml version="1.0" encoding="UTF-8"?>
<!DOCTYPE plist PUBLIC "-//Apple//DTD PLIST 1.0//EN" "http://www.apple.com/DTDs/PropertyList-1.0.dtd">
<plist version="1.0">
<dict>
	<key>archiveVersion</key>
	<string>1</string>
	<key>classes</key>
	<dict/>
	<key>objectVersion</key>
	<string>50</string>
	<key>objects</key>
	<dict>
		<key>032E6FA0479949B7A6AAFC20</key>
		<dict>
			<key>isa</key>
			<string>PBXFileReference</string>
			<key>lastKnownFileType</key>
			<string>sourcecode.swift</string>
			<key>path</key>
			<string>KannadaKeyboard/UI/KeyboardView.swift</string>
			<key>sourceTree</key>
			<string>&lt;group&gt;</string>
		</dict>
		<key>06D5DD23CB5D4B868D89F834</key>
		<dict>
			<key>children</key>
			<array>
				<string>D0F7E973204B42BBB8550817</string>
				<string>41ECB2F8B595430DB93A47EB</string>
				<string>A84FDE6FC30B4112829EAD95</string>
			</array>
			<key>isa</key>
			<string>PBXGroup</string>
			<key>sourceTree</key>
			<string>&lt;group&gt;</string>
		</dict>
		<key>07BA1F77C5EC4CE39CCEDE10</key>
		<dict>
			<key>fileRef</key>
			<string>032E6FA0479949B7A6AAFC20</string>
			<key>isa</key>
			<string>PBXBuildFile</string>
		</dict>
		<key>0A293C5BABD445008EA6E616</key>
		<dict>
			<key>isa</key>
			<string>PBXFileReference</string>
			<key>lastKnownFileType</key>
			<string>sourcecode.swift</string>
			<key>path</key>
			<string>KannadaNudi/KannadaNudiApp.swift</string>
			<key>sourceTree</key>
			<string>&lt;group&gt;</string>
		</dict>
		<key>0BF0693B8B034100A2EED722</key>
		<dict>
			<key>files</key>
			<array/>
			<key>isa</key>
			<string>PBXFrameworksBuildPhase</string>
		</dict>
		<key>0C86AB8A4F584E85AB121E60</key>
		<dict>
			<key>fileRef</key>
			<string>912654DDB9E74EAE8C722383</string>
			<key>isa</key>
			<string>PBXBuildFile</string>
		</dict>
		<key>11083F7EB444480BA1C6ACFF</key>
		<dict>
			<key>buildConfigurationList</key>
			<string>914A95D06DBB4B008E2531C6</string>
			<key>buildPhases</key>
			<array>
				<string>710AD3586BD24CBAA506FF31</string>
				<string>0BF0693B8B034100A2EED722</string>
				<string>B2A59B262D5C4AF490067ECE</string>
				<string>3F1CE77CDEA6423798E9A02E</string>
			</array>
			<key>buildRules</key>
			<array/>
			<key>dependencies</key>
			<array>
				<string>A2CC63B811454C7DB98D2129</string>
			</array>
			<key>isa</key>
			<string>PBXNativeTarget</string>
			<key>name</key>
			<string>KannadaNudi</string>
			<key>productName</key>
			<string>KannadaNudi</string>
			<key>productReference</key>
			<string>BE0DD0988CEB45779F229A00</string>
			<key>productType</key>
			<string>com.apple.product-type.application</string>
		</dict>
		<key>133532BD3C754B759321993C</key>
		<dict>
			<key>buildSettings</key>
			<dict>
				<key>CODE_SIGN_STYLE</key>
				<string>Automatic</string>
				<key>DEVELOPMENT_TEAM</key>
				<string></string>
				<key>INFOPLIST_FILE</key>
				<string>KannadaNudi/Info.plist</string>
				<key>IPHONEOS_DEPLOYMENT_TARGET</key>
				<string>12.0</string>
				<key>LD_RUNPATH_SEARCH_PATHS</key>
				<array>
					<string>$(inherited)</string>
					<string>@executable_path/Frameworks</string>
				</array>
				<key>PRODUCT_BUNDLE_IDENTIFIER</key>
				<string>com.kannada.nudi.KannadaNudi</string>
				<key>PRODUCT_NAME</key>
				<string>KannadaNudi</string>
				<key>SDKROOT</key>
				<string>iphoneos</string>
				<key>SWIFT_VERSION</key>
				<string>5.0</string>
				<key>TARGETED_DEVICE_FAMILY</key>
				<string>1,2</string>
			</dict>
			<key>isa</key>
			<string>XCBuildConfiguration</string>
			<key>name</key>
			<string>Release</string>
		</dict>
		<key>1E689B79CB854C809A5464CC</key>
		<dict>
			<key>fileRef</key>
			<string>0A293C5BABD445008EA6E616</string>
			<key>isa</key>
			<string>PBXBuildFile</string>
		</dict>
		<key>2AE73FC7572F4527863F34A6</key>
		<dict>
			<key>fileRef</key>
			<string>710DDB09D69D4AD1893F6A97</string>
			<key>isa</key>
			<string>PBXBuildFile</string>
		</dict>
		<key>35F6C407628248F09D83F8A5</key>
		<dict>
			<key>buildConfigurations</key>
			<array>
				<string>81F23306CFED436CAE598F83</string>
				<string>B2BE3E7BC9A54CE9ACF617CD</string>
			</array>
			<key>defaultConfigurationIsVisible</key>
			<string>0</string>
			<key>defaultConfigurationName</key>
			<string>Release</string>
			<key>isa</key>
			<string>XCConfigurationList</string>
		</dict>
		<key>36FCC92BD81A45B6B6B72280</key>
		<dict>
			<key>isa</key>
			<string>PBXFileReference</string>
			<key>lastKnownFileType</key>
			<string>text.plist.xml</string>
			<key>path</key>
			<string>KannadaKeyboard/Info.plist</string>
			<key>sourceTree</key>
			<string>&lt;group&gt;</string>
		</dict>
		<key>3704754B0D394502A8695B44</key>
		<dict>
			<key>isa</key>
			<string>PBXFileReference</string>
			<key>lastKnownFileType</key>
			<string>sourcecode.swift</string>
			<key>path</key>
			<string>KannadaNudi/ContentView.swift</string>
			<key>sourceTree</key>
			<string>&lt;group&gt;</string>
		</dict>
		<key>3D0EB157EAF7465B80F33CC9</key>
		<dict>
			<key>fileRef</key>
			<string>F8E36951E3AC47EFB0359255</string>
			<key>isa</key>
			<string>PBXBuildFile</string>
		</dict>
		<key>3F1CE77CDEA6423798E9A02E</key>
		<dict>
			<key>dstPath</key>
			<string></string>
			<key>dstSubfolderSpec</key>
			<string>13</string>
			<key>files</key>
			<array>
				<string>9EBA9897141241ABBFECE2B7</string>
			</array>
			<key>isa</key>
			<string>PBXCopyFilesBuildPhase</string>
			<key>runOnlyForDeploymentPostprocessing</key>
			<string>0</string>
		</dict>
		<key>41ECB2F8B595430DB93A47EB</key>
		<dict>
			<key>children</key>
			<array>
				<string>912654DDB9E74EAE8C722383</string>
				<string>43452604AD204311B27EB2ED</string>
				<string>A38AE37B263C43EDAB4F4276</string>
				<string>547027619EB5402393C8C61C</string>
				<string>36FCC92BD81A45B6B6B72280</string>
			</array>
			<key>isa</key>
			<string>PBXGroup</string>
			<key>name</key>
			<string>KannadaKeyboard</string>
			<key>sourceTree</key>
			<string>&lt;group&gt;</string>
		</dict>
		<key>43452604AD204311B27EB2ED</key>
		<dict>
			<key>children</key>
			<array>
				<string>454F75A4FF244CE1B9A61253</string>
				<string>513B131EBBB141978A833C36</string>
				<string>ABBB6756876F4648863BA715</string>
			</array>
			<key>isa</key>
			<string>PBXGroup</string>
			<key>name</key>
			<string>Logic</string>
			<key>sourceTree</key>
			<string>&lt;group&gt;</string>
		</dict>
		<key>454F75A4FF244CE1B9A61253</key>
		<dict>
			<key>isa</key>
			<string>PBXFileReference</string>
			<key>lastKnownFileType</key>
			<string>sourcecode.swift</string>
			<key>path</key>
			<string>KannadaKeyboard/Logic/DictionaryLoader.swift</string>
			<key>sourceTree</key>
			<string>&lt;group&gt;</string>
		</dict>
		<key>45D5A12C7AB54BCB897AB431</key>
		<dict>
			<key>isa</key>
			<string>PBXFileReference</string>
			<key>lastKnownFileType</key>
			<string>text</string>
			<key>path</key>
			<string>KannadaKeyboard/Resources/kannada_wordList.txt</string>
			<key>sourceTree</key>
			<string>&lt;group&gt;</string>
		</dict>
		<key>4D99561B87604B949EAE5E35</key>
		<dict>
			<key>fileRef</key>
			<string>3704754B0D394502A8695B44</string>
			<key>isa</key>
			<string>PBXBuildFile</string>
		</dict>
		<key>4ED7604B483B43A58A547CCF</key>
		<dict>
			<key>files</key>
			<array>
				<string>0C86AB8A4F584E85AB121E60</string>
				<string>7D03BA3A5E0B4903AE459048</string>
				<string>A41930290E8941E5BD4E85E0</string>
				<string>62532FBE6F9E48A1974EDCB6</string>
				<string>6EABF38E9991400F8DE57016</string>
				<string>3D0EB157EAF7465B80F33CC9</string>
				<string>07BA1F77C5EC4CE39CCEDE10</string>
				<string>2AE73FC7572F4527863F34A6</string>
			</array>
			<key>isa</key>
			<string>PBXSourcesBuildPhase</string>
		</dict>
		<key>513B131EBBB141978A833C36</key>
		<dict>
			<key>isa</key>
			<string>PBXFileReference</string>
			<key>lastKnownFileType</key>
			<string>sourcecode.swift</string>
			<key>path</key>
			<string>KannadaKeyboard/Logic/TransliterationEngine.swift</string>
			<key>sourceTree</key>
			<string>&lt;group&gt;</string>
		</dict>
		<key>51B7245B880C4850BE706B6C</key>
		<dict>
			<key>isa</key>
			<string>PBXFileReference</string>
			<key>lastKnownFileType</key>
			<string>text.plist.xml</string>
			<key>path</key>
			<string>KannadaNudi/Info.plist</string>
			<key>sourceTree</key>
			<string>&lt;group&gt;</string>
		</dict>
		<key>51DC10ABAB1641CB8551640E</key>
		<dict>
			<key>containerPortal</key>
			<string>B3F3172DC92F49F4AF8AA5E5</string>
			<key>isa</key>
			<string>PBXContainerItemProxy</string>
			<key>proxyType</key>
			<string>1</string>
			<key>remoteGlobalIDString</key>
			<string>AE46054391E14A219D7FB146</string>
			<key>remoteInfo</key>
			<string>KannadaKeyboard</string>
		</dict>
		<key>542D8E36691240968B82E4FE</key>
		<dict>
			<key>explicitFileType</key>
			<string>wrapper.app-extension</string>
			<key>includeInIndex</key>
			<string>0</string>
			<key>isa</key>
			<string>PBXFileReference</string>
			<key>path</key>
			<string>KannadaKeyboard.appex</string>
			<key>sourceTree</key>
			<string>BUILT_PRODUCTS_DIR</string>
		</dict>
		<key>547027619EB5402393C8C61C</key>
		<dict>
			<key>children</key>
			<array>
				<string>45D5A12C7AB54BCB897AB431</string>
			</array>
			<key>isa</key>
			<string>PBXGroup</string>
			<key>name</key>
			<string>Resources</string>
			<key>sourceTree</key>
			<string>&lt;group&gt;</string>
		</dict>
		<key>62532FBE6F9E48A1974EDCB6</key>
		<dict>
			<key>fileRef</key>
			<string>ABBB6756876F4648863BA715</string>
			<key>isa</key>
			<string>PBXBuildFile</string>
		</dict>
		<key>6EABF38E9991400F8DE57016</key>
		<dict>
			<key>fileRef</key>
			<string>C31789E9ECE746A7AD472ED5</string>
			<key>isa</key>
			<string>PBXBuildFile</string>
		</dict>
		<key>710AD3586BD24CBAA506FF31</key>
		<dict>
			<key>files</key>
			<array>
				<string>4D99561B87604B949EAE5E35</string>
				<string>1E689B79CB854C809A5464CC</string>
			</array>
			<key>isa</key>
			<string>PBXSourcesBuildPhase</string>
		</dict>
		<key>710DDB09D69D4AD1893F6A97</key>
		<dict>
			<key>isa</key>
			<string>PBXFileReference</string>
			<key>lastKnownFileType</key>
			<string>sourcecode.swift</string>
			<key>path</key>
			<string>KannadaKeyboard/UI/Theme.swift</string>
			<key>sourceTree</key>
			<string>&lt;group&gt;</string>
		</dict>
		<key>7D03BA3A5E0B4903AE459048</key>
		<dict>
			<key>fileRef</key>
			<string>454F75A4FF244CE1B9A61253</string>
			<key>isa</key>
			<string>PBXBuildFile</string>
		</dict>
		<key>81F23306CFED436CAE598F83</key>
		<dict>
			<key>buildSettings</key>
			<dict>
				<key>CODE_SIGN_STYLE</key>
				<string>Automatic</string>
				<key>DEVELOPMENT_TEAM</key>
				<string></string>
				<key>INFOPLIST_FILE</key>
				<string>KannadaKeyboard/Info.plist</string>
				<key>IPHONEOS_DEPLOYMENT_TARGET</key>
				<string>12.0</string>
				<key>LD_RUNPATH_SEARCH_PATHS</key>
				<array>
					<string>$(inherited)</string>
					<string>@executable_path/Frameworks</string>
					<string>@executable_path/../../Frameworks</string>
				</array>
				<key>PRODUCT_BUNDLE_IDENTIFIER</key>
				<string>com.kannada.nudi.KannadaNudi.KannadaKeyboard</string>
				<key>PRODUCT_NAME</key>
				<string>KannadaKeyboard</string>
				<key>SDKROOT</key>
				<string>iphoneos</string>
				<key>SKIP_INSTALL</key>
				<string>YES</string>
				<key>SWIFT_VERSION</key>
				<string>5.0</string>
				<key>TARGETED_DEVICE_FAMILY</key>
				<string>1,2</string>
			</dict>
			<key>isa</key>
			<string>XCBuildConfiguration</string>
			<key>name</key>
			<string>Debug</string>
		</dict>
		<key>912654DDB9E74EAE8C722383</key>
		<dict>
			<key>isa</key>
			<string>PBXFileReference</string>
			<key>lastKnownFileType</key>
			<string>sourcecode.swift</string>
			<key>path</key>
			<string>KannadaKeyboard/KeyboardViewController.swift</string>
			<key>sourceTree</key>
			<string>&lt;group&gt;</string>
		</dict>
		<key>914A95D06DBB4B008E2531C6</key>
		<dict>
			<key>buildConfigurations</key>
			<array>
				<string>BDA6C9C77D9F4E0D98D6BCF5</string>
				<string>133532BD3C754B759321993C</string>
			</array>
			<key>defaultConfigurationIsVisible</key>
			<string>0</string>
			<key>defaultConfigurationName</key>
			<string>Release</string>
			<key>isa</key>
			<string>XCConfigurationList</string>
		</dict>
		<key>9D2834789A5C489D82764E25</key>
		<dict>
			<key>buildSettings</key>
			<dict>
				<key>ALWAYS_SEARCH_USER_PATHS</key>
				<string>NO</string>
				<key>CODE_SIGN_STYLE</key>
				<string>Automatic</string>
				<key>DEVELOPMENT_TEAM</key>
				<string></string>
				<key>IPHONEOS_DEPLOYMENT_TARGET</key>
				<string>12.0</string>
				<key>SDKROOT</key>
				<string>iphoneos</string>
				<key>SWIFT_VERSION</key>
				<string>5.0</string>
				<key>TARGETED_DEVICE_FAMILY</key>
				<string>1,2</string>
			</dict>
			<key>isa</key>
			<string>XCBuildConfiguration</string>
			<key>name</key>
			<string>Release</string>
		</dict>
		<key>9EBA9897141241ABBFECE2B7</key>
		<dict>
			<key>fileRef</key>
			<string>542D8E36691240968B82E4FE</string>
			<key>isa</key>
			<string>PBXBuildFile</string>
			<key>settings</key>
			<dict>
				<key>ATTRIBUTES</key>
				<array>
					<string>RemoveHeadersOnCopy</string>
				</array>
			</dict>
		</dict>
		<key>A282C02FCECE47D0A5215E3D</key>
		<dict>
			<key>files</key>
			<array/>
			<key>isa</key>
			<string>PBXFrameworksBuildPhase</string>
		</dict>
		<key>A2CC63B811454C7DB98D2129</key>
		<dict>
			<key>isa</key>
			<string>PBXTargetDependency</string>
			<key>target</key>
			<string>AE46054391E14A219D7FB146</string>
			<key>targetProxy</key>
			<string>51DC10ABAB1641CB8551640E</string>
		</dict>
		<key>A38AE37B263C43EDAB4F4276</key>
		<dict>
			<key>children</key>
			<array>
				<string>C31789E9ECE746A7AD472ED5</string>
				<string>F8E36951E3AC47EFB0359255</string>
				<string>032E6FA0479949B7A6AAFC20</string>
				<string>710DDB09D69D4AD1893F6A97</string>
			</array>
			<key>isa</key>
			<string>PBXGroup</string>
			<key>name</key>
			<string>UI</string>
			<key>sourceTree</key>
			<string>&lt;group&gt;</string>
		</dict>
		<key>A41930290E8941E5BD4E85E0</key>
		<dict>
			<key>fileRef</key>
			<string>513B131EBBB141978A833C36</string>
			<key>isa</key>
			<string>PBXBuildFile</string>
		</dict>
		<key>A84FDE6FC30B4112829EAD95</key>
		<dict>
			<key>children</key>
			<array>
				<string>BE0DD0988CEB45779F229A00</string>
				<string>542D8E36691240968B82E4FE</string>
			</array>
			<key>isa</key>
			<string>PBXGroup</string>
			<key>name</key>
			<string>Products</string>
			<key>sourceTree</key>
			<string>&lt;group&gt;</string>
		</dict>
		<key>ABBB6756876F4648863BA715</key>
		<dict>
			<key>isa</key>
			<string>PBXFileReference</string>
			<key>lastKnownFileType</key>
			<string>sourcecode.swift</string>
			<key>path</key>
			<string>KannadaKeyboard/Logic/Trie.swift</string>
			<key>sourceTree</key>
			<string>&lt;group&gt;</string>
		</dict>
		<key>AE46054391E14A219D7FB146</key>
		<dict>
			<key>buildConfigurationList</key>
			<string>35F6C407628248F09D83F8A5</string>
			<key>buildPhases</key>
			<array>
				<string>4ED7604B483B43A58A547CCF</string>
				<string>A282C02FCECE47D0A5215E3D</string>
				<string>D6F8ED906F5E416384A61D6A</string>
			</array>
			<key>buildRules</key>
			<array/>
			<key>dependencies</key>
			<array/>
			<key>isa</key>
			<string>PBXNativeTarget</string>
			<key>name</key>
			<string>KannadaKeyboard</string>
			<key>productName</key>
			<string>KannadaKeyboard</string>
			<key>productReference</key>
			<string>542D8E36691240968B82E4FE</string>
			<key>productType</key>
			<string>com.apple.product-type.app-extension</string>
		</dict>
		<key>B2A59B262D5C4AF490067ECE</key>
		<dict>
			<key>files</key>
			<array/>
			<key>isa</key>
			<string>PBXResourcesBuildPhase</string>
		</dict>
		<key>B2BE3E7BC9A54CE9ACF617CD</key>
		<dict>
			<key>buildSettings</key>
			<dict>
				<key>CODE_SIGN_STYLE</key>
				<string>Automatic</string>
				<key>DEVELOPMENT_TEAM</key>
				<string></string>
				<key>INFOPLIST_FILE</key>
				<string>KannadaKeyboard/Info.plist</string>
				<key>IPHONEOS_DEPLOYMENT_TARGET</key>
				<string>12.0</string>
				<key>LD_RUNPATH_SEARCH_PATHS</key>
				<array>
					<string>$(inherited)</string>
					<string>@executable_path/Frameworks</string>
					<string>@executable_path/../../Frameworks</string>
				</array>
				<key>PRODUCT_BUNDLE_IDENTIFIER</key>
				<string>com.kannada.nudi.KannadaNudi.KannadaKeyboard</string>
				<key>PRODUCT_NAME</key>
				<string>KannadaKeyboard</string>
				<key>SDKROOT</key>
				<string>iphoneos</string>
				<key>SKIP_INSTALL</key>
				<string>YES</string>
				<key>SWIFT_VERSION</key>
				<string>5.0</string>
				<key>TARGETED_DEVICE_FAMILY</key>
				<string>1,2</string>
			</dict>
			<key>isa</key>
			<string>XCBuildConfiguration</string>
			<key>name</key>
			<string>Release</string>
		</dict>
		<key>B3F3172DC92F49F4AF8AA5E5</key>
		<dict>
			<key>attributes</key>
			<dict>
				<key>LastUpgradeCheck</key>
				<string>1200</string>
				<key>TargetAttributes</key>
				<dict>
					<key>11083F7EB444480BA1C6ACFF</key>
					<dict>
						<key>CreatedOnToolsVersion</key>
						<string>12.0</string>
					</dict>
					<key>AE46054391E14A219D7FB146</key>
					<dict>
						<key>CreatedOnToolsVersion</key>
						<string>12.0</string>
					</dict>
				</dict>
			</dict>
			<key>buildConfigurationList</key>
			<string>EBA182B6CD73453FA9AFCEFD</string>
			<key>compatibilityVersion</key>
			<string>Xcode 9.3</string>
			<key>developmentRegion</key>
			<string>en</string>
			<key>hasScannedForEncodings</key>
			<string>0</string>
			<key>isa</key>
			<string>PBXProject</string>
			<key>knownRegions</key>
			<array>
				<string>en</string>
				<string>Base</string>
			</array>
			<key>mainGroup</key>
			<string>06D5DD23CB5D4B868D89F834</string>
			<key>productRefGroup</key>
			<string>A84FDE6FC30B4112829EAD95</string>
			<key>projectDirPath</key>
			<string></string>
			<key>projectRoot</key>
			<string></string>
			<key>targets</key>
			<array>
				<string>11083F7EB444480BA1C6ACFF</string>
				<string>AE46054391E14A219D7FB146</string>
			</array>
		</dict>
		<key>BDA6C9C77D9F4E0D98D6BCF5</key>
		<dict>
			<key>buildSettings</key>
			<dict>
				<key>CODE_SIGN_STYLE</key>
				<string>Automatic</string>
				<key>DEVELOPMENT_TEAM</key>
				<string></string>
				<key>INFOPLIST_FILE</key>
				<string>KannadaNudi/Info.plist</string>
				<key>IPHONEOS_DEPLOYMENT_TARGET</key>
				<string>12.0</string>
				<key>LD_RUNPATH_SEARCH_PATHS</key>
				<array>
					<string>$(inherited)</string>
					<string>@executable_path/Frameworks</string>
				</array>
				<key>PRODUCT_BUNDLE_IDENTIFIER</key>
				<string>com.kannada.nudi.KannadaNudi</string>
				<key>PRODUCT_NAME</key>
				<string>KannadaNudi</string>
				<key>SDKROOT</key>
				<string>iphoneos</string>
				<key>SWIFT_VERSION</key>
				<string>5.0</string>
				<key>TARGETED_DEVICE_FAMILY</key>
				<string>1,2</string>
			</dict>
			<key>isa</key>
			<string>XCBuildConfiguration</string>
			<key>name</key>
			<string>Debug</string>
		</dict>
		<key>BE0DD0988CEB45779F229A00</key>
		<dict>
			<key>explicitFileType</key>
			<string>wrapper.application</string>
			<key>includeInIndex</key>
			<string>0</string>
			<key>isa</key>
			<string>PBXFileReference</string>
			<key>path</key>
			<string>KannadaNudi.app</string>
			<key>sourceTree</key>
			<string>BUILT_PRODUCTS_DIR</string>
		</dict>
		<key>C1B18272062F41F294A72261</key>
		<dict>
			<key>buildSettings</key>
			<dict>
				<key>ALWAYS_SEARCH_USER_PATHS</key>
				<string>NO</string>
				<key>CODE_SIGN_STYLE</key>
				<string>Automatic</string>
				<key>DEVELOPMENT_TEAM</key>
				<string></string>
				<key>IPHONEOS_DEPLOYMENT_TARGET</key>
				<string>12.0</string>
				<key>SDKROOT</key>
				<string>iphoneos</string>
				<key>SWIFT_VERSION</key>
				<string>5.0</string>
				<key>TARGETED_DEVICE_FAMILY</key>
				<string>1,2</string>
			</dict>
			<key>isa</key>
			<string>XCBuildConfiguration</string>
			<key>name</key>
			<string>Debug</string>
		</dict>
		<key>C31789E9ECE746A7AD472ED5</key>
		<dict>
			<key>isa</key>
			<string>PBXFileReference</string>
			<key>lastKnownFileType</key>
			<string>sourcecode.swift</string>
			<key>path</key>
			<string>KannadaKeyboard/UI/CandidatesRow.swift</string>
			<key>sourceTree</key>
			<string>&lt;group&gt;</string>
		</dict>
		<key>CE52907C6CCD4A9BBE54351D</key>
		<dict>
			<key>fileRef</key>
			<string>45D5A12C7AB54BCB897AB431</string>
			<key>isa</key>
			<string>PBXBuildFile</string>
		</dict>
		<key>D0F7E973204B42BBB8550817</key>
		<dict>
			<key>children</key>
			<array>
				<string>3704754B0D394502A8695B44</string>
				<string>0A293C5BABD445008EA6E616</string>
				<string>51B7245B880C4850BE706B6C</string>
			</array>
			<key>isa</key>
			<string>PBXGroup</string>
			<key>name</key>
			<string>KannadaNudi</string>
			<key>sourceTree</key>
			<string>&lt;group&gt;</string>
		</dict>
		<key>D6F8ED906F5E416384A61D6A</key>
		<dict>
			<key>files</key>
			<array>
				<string>CE52907C6CCD4A9BBE54351D</string>
			</array>
			<key>isa</key>
			<string>PBXResourcesBuildPhase</string>
		</dict>
		<key>EBA182B6CD73453FA9AFCEFD</key>
		<dict>
			<key>buildConfigurations</key>
			<array>
				<string>C1B18272062F41F294A72261</string>
				<string>9D2834789A5C489D82764E25</string>
			</array>
			<key>defaultConfigurationIsVisible</key>
			<string>0</string>
			<key>defaultConfigurationName</key>
			<string>Release</string>
			<key>isa</key>
			<string>XCConfigurationList</string>
		</dict>
		<key>F8E36951E3AC47EFB0359255</key>
		<dict>
			<key>isa</key>
			<string>PBXFileReference</string>
			<key>lastKnownFileType</key>
			<string>sourcecode.swift</string>
			<key>path</key>
			<string>KannadaKeyboard/UI/KeyButton.swift</string>
			<key>sourceTree</key>
			<string>&lt;group&gt;</string>
		</dict>
	</dict>
	<key>rootObject</key>
	<string>B3F3172DC92F49F4AF8AA5E5</string>
</dict>
</plist>
